
Microsoft Visual Studio Solution File, Format Version 12.00
# Visual Studio Version 16
VisualStudioVersion = 16.0.30114.105
MinimumVisualStudioVersion = 10.0.40219.1
Project("{2150E333-8FDC-42A3-9474-1A3956D46DE8}") = "src", "src", "{C3CC449F-BCAE-4356-A1A0-5963C45A1D0F}"
EndProject
Project("{FAE04EC0-301F-11D3-BF4B-00C04F79EFBC}") = "AspNetCore.Api", "src\AspNetCore.Api\AspNetCore.Api.csproj", "{44BB40D3-C1F0-466D-A4AC-5D7BD714D3FA}"
EndProject
Project("{FAE04EC0-301F-11D3-BF4B-00C04F79EFBC}") = "AspNetCore.Business", "src\AspNetCore.Business\AspNetCore.Business.csproj", "{813AF9F2-4F54-4F9C-AEC7-B556EA44FE1E}"
EndProject
Project("{FAE04EC0-301F-11D3-BF4B-00C04F79EFBC}") = "AspNetCore.Data", "src\AspNetCore.Data\AspNetCore.Data.csproj", "{28F8DAF9-84E7-4029-8389-62E08DA48BDE}"
EndProject
Project("{FAE04EC0-301F-11D3-BF4B-00C04F79EFBC}") = "AspNetCore.Shared", "src\AspNetCore.Shared\AspNetCore.Shared.csproj", "{E4C9FB37-E2A8-4E2D-8E10-337EDC86E355}"
EndProject
Project("{FAE04EC0-301F-11D3-BF4B-00C04F79EFBC}") = "AspNetCore.Tests", "src\AspNetCore.Tests\AspNetCore.Tests.csproj", "{9C25CFD2-C3C3-446A-9E87-676739834B0A}"
EndProject
Global
	GlobalSection(SolutionConfigurationPlatforms) = preSolution
		Debug|Any CPU = Debug|Any CPU
		Debug|x64 = Debug|x64
		Debug|x86 = Debug|x86
		Release|Any CPU = Release|Any CPU
		Release|x64 = Release|x64
		Release|x86 = Release|x86
	EndGlobalSection
	GlobalSection(SolutionProperties) = preSolution
		HideSolutionNode = FALSE
	EndGlobalSection
	GlobalSection(ProjectConfigurationPlatforms) = postSolution
		{44BB40D3-C1F0-466D-A4AC-5D7BD714D3FA}.Debug|Any CPU.ActiveCfg = Debug|Any CPU
		{44BB40D3-C1F0-466D-A4AC-5D7BD714D3FA}.Debug|Any CPU.Build.0 = Debug|Any CPU
		{44BB40D3-C1F0-466D-A4AC-5D7BD714D3FA}.Debug|x64.ActiveCfg = Debug|Any CPU
		{44BB40D3-C1F0-466D-A4AC-5D7BD714D3FA}.Debug|x64.Build.0 = Debug|Any CPU
		{44BB40D3-C1F0-466D-A4AC-5D7BD714D3FA}.Debug|x86.ActiveCfg = Debug|Any CPU
		{44BB40D3-C1F0-466D-A4AC-5D7BD714D3FA}.Debug|x86.Build.0 = Debug|Any CPU
		{44BB40D3-C1F0-466D-A4AC-5D7BD714D3FA}.Release|Any CPU.ActiveCfg = Release|Any CPU
		{44BB40D3-C1F0-466D-A4AC-5D7BD714D3FA}.Release|Any CPU.Build.0 = Release|Any CPU
		{44BB40D3-C1F0-466D-A4AC-5D7BD714D3FA}.Release|x64.ActiveCfg = Release|Any CPU
		{44BB40D3-C1F0-466D-A4AC-5D7BD714D3FA}.Release|x64.Build.0 = Release|Any CPU
		{44BB40D3-C1F0-466D-A4AC-5D7BD714D3FA}.Release|x86.ActiveCfg = Release|Any CPU
		{44BB40D3-C1F0-466D-A4AC-5D7BD714D3FA}.Release|x86.Build.0 = Release|Any CPU
		{813AF9F2-4F54-4F9C-AEC7-B556EA44FE1E}.Debug|Any CPU.ActiveCfg = Debug|Any CPU
		{813AF9F2-4F54-4F9C-AEC7-B556EA44FE1E}.Debug|Any CPU.Build.0 = Debug|Any CPU
		{813AF9F2-4F54-4F9C-AEC7-B556EA44FE1E}.Debug|x64.ActiveCfg = Debug|Any CPU
		{813AF9F2-4F54-4F9C-AEC7-B556EA44FE1E}.Debug|x64.Build.0 = Debug|Any CPU
		{813AF9F2-4F54-4F9C-AEC7-B556EA44FE1E}.Debug|x86.ActiveCfg = Debug|Any CPU
		{813AF9F2-4F54-4F9C-AEC7-B556EA44FE1E}.Debug|x86.Build.0 = Debug|Any CPU
		{813AF9F2-4F54-4F9C-AEC7-B556EA44FE1E}.Release|Any CPU.ActiveCfg = Release|Any CPU
		{813AF9F2-4F54-4F9C-AEC7-B556EA44FE1E}.Release|Any CPU.Build.0 = Release|Any CPU
		{813AF9F2-4F54-4F9C-AEC7-B556EA44FE1E}.Release|x64.ActiveCfg = Release|Any CPU
		{813AF9F2-4F54-4F9C-AEC7-B556EA44FE1E}.Release|x64.Build.0 = Release|Any CPU
		{813AF9F2-4F54-4F9C-AEC7-B556EA44FE1E}.Release|x86.ActiveCfg = Release|Any CPU
		{813AF9F2-4F54-4F9C-AEC7-B556EA44FE1E}.Release|x86.Build.0 = Release|Any CPU
		{28F8DAF9-84E7-4029-8389-62E08DA48BDE}.Debug|Any CPU.ActiveCfg = Debug|Any CPU
		{28F8DAF9-84E7-4029-8389-62E08DA48BDE}.Debug|Any CPU.Build.0 = Debug|Any CPU
		{28F8DAF9-84E7-4029-8389-62E08DA48BDE}.Debug|x64.ActiveCfg = Debug|Any CPU
		{28F8DAF9-84E7-4029-8389-62E08DA48BDE}.Debug|x64.Build.0 = Debug|Any CPU
		{28F8DAF9-84E7-4029-8389-62E08DA48BDE}.Debug|x86.ActiveCfg = Debug|Any CPU
		{28F8DAF9-84E7-4029-8389-62E08DA48BDE}.Debug|x86.Build.0 = Debug|Any CPU
		{28F8DAF9-84E7-4029-8389-62E08DA48BDE}.Release|Any CPU.ActiveCfg = Release|Any CPU
		{28F8DAF9-84E7-4029-8389-62E08DA48BDE}.Release|Any CPU.Build.0 = Release|Any CPU
		{28F8DAF9-84E7-4029-8389-62E08DA48BDE}.Release|x64.ActiveCfg = Release|Any CPU
		{28F8DAF9-84E7-4029-8389-62E08DA48BDE}.Release|x64.Build.0 = Release|Any CPU
		{28F8DAF9-84E7-4029-8389-62E08DA48BDE}.Release|x86.ActiveCfg = Release|Any CPU
		{28F8DAF9-84E7-4029-8389-62E08DA48BDE}.Release|x86.Build.0 = Release|Any CPU
		{E4C9FB37-E2A8-4E2D-8E10-337EDC86E355}.Debug|Any CPU.ActiveCfg = Debug|Any CPU
		{E4C9FB37-E2A8-4E2D-8E10-337EDC86E355}.Debug|Any CPU.Build.0 = Debug|Any CPU
		{E4C9FB37-E2A8-4E2D-8E10-337EDC86E355}.Debug|x64.ActiveCfg = Debug|Any CPU
		{E4C9FB37-E2A8-4E2D-8E10-337EDC86E355}.Debug|x64.Build.0 = Debug|Any CPU
		{E4C9FB37-E2A8-4E2D-8E10-337EDC86E355}.Debug|x86.ActiveCfg = Debug|Any CPU
		{E4C9FB37-E2A8-4E2D-8E10-337EDC86E355}.Debug|x86.Build.0 = Debug|Any CPU
		{E4C9FB37-E2A8-4E2D-8E10-337EDC86E355}.Release|Any CPU.ActiveCfg = Release|Any CPU
		{E4C9FB37-E2A8-4E2D-8E10-337EDC86E355}.Release|Any CPU.Build.0 = Release|Any CPU
		{E4C9FB37-E2A8-4E2D-8E10-337EDC86E355}.Release|x64.ActiveCfg = Release|Any CPU
		{E4C9FB37-E2A8-4E2D-8E10-337EDC86E355}.Release|x64.Build.0 = Release|Any CPU
		{E4C9FB37-E2A8-4E2D-8E10-337EDC86E355}.Release|x86.ActiveCfg = Release|Any CPU
		{E4C9FB37-E2A8-4E2D-8E10-337EDC86E355}.Release|x86.Build.0 = Release|Any CPU
		{9C25CFD2-C3C3-446A-9E87-676739834B0A}.Debug|Any CPU.ActiveCfg = Debug|Any CPU
		{9C25CFD2-C3C3-446A-9E87-676739834B0A}.Debug|Any CPU.Build.0 = Debug|Any CPU
		{9C25CFD2-C3C3-446A-9E87-676739834B0A}.Debug|x64.ActiveCfg = Debug|Any CPU
		{9C25CFD2-C3C3-446A-9E87-676739834B0A}.Debug|x64.Build.0 = Debug|Any CPU
		{9C25CFD2-C3C3-446A-9E87-676739834B0A}.Debug|x86.ActiveCfg = Debug|Any CPU
		{9C25CFD2-C3C3-446A-9E87-676739834B0A}.Debug|x86.Build.0 = Debug|Any CPU
		{9C25CFD2-C3C3-446A-9E87-676739834B0A}.Release|Any CPU.ActiveCfg = Release|Any CPU
		{9C25CFD2-C3C3-446A-9E87-676739834B0A}.Release|Any CPU.Build.0 = Release|Any CPU
		{9C25CFD2-C3C3-446A-9E87-676739834B0A}.Release|x64.ActiveCfg = Release|Any CPU
		{9C25CFD2-C3C3-446A-9E87-676739834B0A}.Release|x64.Build.0 = Release|Any CPU
		{9C25CFD2-C3C3-446A-9E87-676739834B0A}.Release|x86.ActiveCfg = Release|Any CPU
		{9C25CFD2-C3C3-446A-9E87-676739834B0A}.Release|x86.Build.0 = Release|Any CPU
	EndGlobalSection
	GlobalSection(NestedProjects) = preSolution
		{44BB40D3-C1F0-466D-A4AC-5D7BD714D3FA} = {C3CC449F-BCAE-4356-A1A0-5963C45A1D0F}
		{813AF9F2-4F54-4F9C-AEC7-B556EA44FE1E} = {C3CC449F-BCAE-4356-A1A0-5963C45A1D0F}
		{28F8DAF9-84E7-4029-8389-62E08DA48BDE} = {C3CC449F-BCAE-4356-A1A0-5963C45A1D0F}
		{E4C9FB37-E2A8-4E2D-8E10-337EDC86E355} = {C3CC449F-BCAE-4356-A1A0-5963C45A1D0F}
		{9C25CFD2-C3C3-446A-9E87-676739834B0A} = {C3CC449F-BCAE-4356-A1A0-5963C45A1D0F}
	EndGlobalSection
EndGlobal
